
Microsoft Visual Studio Solution File, Format Version 12.00
# Visual Studio Version 17
VisualStudioVersion = 17.9.34622.214
MinimumVisualStudioVersion = 10.0.40219.1
Project("{8BC9CEB8-8B4A-11D0-8D11-00A0C91BC942}") = "laba3_xaritonova_egervari", "laba3_xaritonova_egervari\laba3_xaritonova_egervari.vcxproj", "{6DC1FCDA-7171-4C91-91F7-2B4D6547F554}"
EndProject
Global
	GlobalSection(SolutionConfigurationPlatforms) = preSolution
		Debug|x64 = Debug|x64
		Debug|x86 = Debug|x86
		Release|x64 = Release|x64
		Release|x86 = Release|x86
	EndGlobalSection
	GlobalSection(ProjectConfigurationPlatforms) = postSolution
		{6DC1FCDA-7171-4C91-91F7-2B4D6547F554}.Debug|x64.ActiveCfg = Debug|x64
		{6DC1FCDA-7171-4C91-91F7-2B4D6547F554}.Debug|x64.Build.0 = Debug|x64
		{6DC1FCDA-7171-4C91-91F7-2B4D6547F554}.Debug|x86.ActiveCfg = Debug|Win32
		{6DC1FCDA-7171-4C91-91F7-2B4D6547F554}.Debug|x86.Build.0 = Debug|Win32
		{6DC1FCDA-7171-4C91-91F7-2B4D6547F554}.Release|x64.ActiveCfg = Release|x64
		{6DC1FCDA-7171-4C91-91F7-2B4D6547F554}.Release|x64.Build.0 = Release|x64
		{6DC1FCDA-7171-4C91-91F7-2B4D6547F554}.Release|x86.ActiveCfg = Release|Win32
		{6DC1FCDA-7171-4C91-91F7-2B4D6547F554}.Release|x86.Build.0 = Release|Win32
	EndGlobalSection
	GlobalSection(SolutionProperties) = preSolution
		HideSolutionNode = FALSE
	EndGlobalSection
	GlobalSection(ExtensibilityGlobals) = postSolution
		SolutionGuid = {A56C9CAD-5BE4-42B6-BBCE-147BD5D1C3C8}
	EndGlobalSection
EndGlobal
